
Microsoft Visual Studio Solution File, Format Version 12.00
# Visual Studio Version 17
VisualStudioVersion = 17.11.35312.102
MinimumVisualStudioVersion = 10.0.40219.1
Project("{9A19103F-16F7-4668-BE54-9A1E7A4F7556}") = "mc", "mc\mc.csproj", "{753A5613-D49E-4B06-B16C-53226A630E9A}"
EndProject
Project("{9A19103F-16F7-4668-BE54-9A1E7A4F7556}") = "Minsk", "Minsk\Minsk.csproj", "{EF74AFEE-622A-4C1F-B2C2-EEC657C752E0}"
EndProject
Project("{FAE04EC0-301F-11D3-BF4B-00C04F79EFBC}") = "Minsk.Tests", "Minsk.Tests\Minsk.Tests.csproj", "{E76C59FD-3A58-42A3-9D47-CD0A949FA07A}"
EndProject
Global
	GlobalSection(SolutionConfigurationPlatforms) = preSolution
		Debug|Any CPU = Debug|Any CPU
		Release|Any CPU = Release|Any CPU
	EndGlobalSection
	GlobalSection(ProjectConfigurationPlatforms) = postSolution
		{753A5613-D49E-4B06-B16C-53226A630E9A}.Debug|Any CPU.ActiveCfg = Debug|Any CPU
		{753A5613-D49E-4B06-B16C-53226A630E9A}.Debug|Any CPU.Build.0 = Debug|Any CPU
		{753A5613-D49E-4B06-B16C-53226A630E9A}.Release|Any CPU.ActiveCfg = Release|Any CPU
		{753A5613-D49E-4B06-B16C-53226A630E9A}.Release|Any CPU.Build.0 = Release|Any CPU
		{EF74AFEE-622A-4C1F-B2C2-EEC657C752E0}.Debug|Any CPU.ActiveCfg = Debug|Any CPU
		{EF74AFEE-622A-4C1F-B2C2-EEC657C752E0}.Debug|Any CPU.Build.0 = Debug|Any CPU
		{EF74AFEE-622A-4C1F-B2C2-EEC657C752E0}.Release|Any CPU.ActiveCfg = Release|Any CPU
		{EF74AFEE-622A-4C1F-B2C2-EEC657C752E0}.Release|Any CPU.Build.0 = Release|Any CPU
		{E76C59FD-3A58-42A3-9D47-CD0A949FA07A}.Debug|Any CPU.ActiveCfg = Debug|Any CPU
		{E76C59FD-3A58-42A3-9D47-CD0A949FA07A}.Debug|Any CPU.Build.0 = Debug|Any CPU
		{E76C59FD-3A58-42A3-9D47-CD0A949FA07A}.Release|Any CPU.ActiveCfg = Release|Any CPU
		{E76C59FD-3A58-42A3-9D47-CD0A949FA07A}.Release|Any CPU.Build.0 = Release|Any CPU
	EndGlobalSection
	GlobalSection(SolutionProperties) = preSolution
		HideSolutionNode = FALSE
	EndGlobalSection
	GlobalSection(ExtensibilityGlobals) = postSolution
		SolutionGuid = {551057AC-35D6-44E2-9728-85D7F39BAF24}
	EndGlobalSection
EndGlobal
